
Microsoft Visual Studio Solution File, Format Version 12.00
# Visual Studio Version 17
VisualStudioVersion = 17.10.35013.160
MinimumVisualStudioVersion = 10.0.40219.1
Project("{FAE04EC0-301F-11D3-BF4B-00C04F79EFBC}") = "pms2024Api", "pms2024Api\pms2024Api.csproj", "{94647F08-BEE4-41E0-A6AD-ACD39E82B954}"
EndProject
Global
	GlobalSection(SolutionConfigurationPlatforms) = preSolution
		Debug|Any CPU = Debug|Any CPU
		Release|Any CPU = Release|Any CPU
	EndGlobalSection
	GlobalSection(ProjectConfigurationPlatforms) = postSolution
		{94647F08-BEE4-41E0-A6AD-ACD39E82B954}.Debug|Any CPU.ActiveCfg = Debug|Any CPU
		{94647F08-BEE4-41E0-A6AD-ACD39E82B954}.Debug|Any CPU.Build.0 = Debug|Any CPU
		{94647F08-BEE4-41E0-A6AD-ACD39E82B954}.Release|Any CPU.ActiveCfg = Release|Any CPU
		{94647F08-BEE4-41E0-A6AD-ACD39E82B954}.Release|Any CPU.Build.0 = Release|Any CPU
	EndGlobalSection
	GlobalSection(SolutionProperties) = preSolution
		HideSolutionNode = FALSE
	EndGlobalSection
	GlobalSection(ExtensibilityGlobals) = postSolution
		SolutionGuid = {17489E19-0EEA-447D-937E-FD05B01EDE28}
	EndGlobalSection
EndGlobal
